Microsoft Visual Studio Solution File, Format Version 8.00
Project("{8BC9CEB8-8B4A-11D0-8D11-00A0C91BC942}") = "Pem2PfxUtil", "Pem2PfxUtil.vcproj", "{B6711F33-A267-4738-842E-77C4A9D56848}"
	ProjectSection(ProjectDependencies) = postProject
	EndProjectSection
EndProject
Project("{8BC9CEB8-8B4A-11D0-8D11-00A0C91BC942}") = "Pem2PfxUtilTest", "Pem2PfxUtilTest\Pem2PfxUtilTest.vcproj", "{0262683C-D613-4453-A4C4-151721B8E606}"
	ProjectSection(ProjectDependencies) = postProject
	EndProjectSection
EndProject
Global
	GlobalSection(SolutionConfiguration) = preSolution
		Debug = Debug
		Release = Release
	EndGlobalSection
	GlobalSection(ProjectConfiguration) = postSolution
		{B6711F33-A267-4738-842E-77C4A9D56848}.Debug.ActiveCfg = Debug|Win32
		{B6711F33-A267-4738-842E-77C4A9D56848}.Debug.Build.0 = Debug|Win32
		{B6711F33-A267-4738-842E-77C4A9D56848}.Release.ActiveCfg = Release|Win32
		{B6711F33-A267-4738-842E-77C4A9D56848}.Release.Build.0 = Release|Win32
		{0262683C-D613-4453-A4C4-151721B8E606}.Debug.ActiveCfg = Debug|Win32
		{0262683C-D613-4453-A4C4-151721B8E606}.Debug.Build.0 = Debug|Win32
		{0262683C-D613-4453-A4C4-151721B8E606}.Release.ActiveCfg = Release|Win32
		{0262683C-D613-4453-A4C4-151721B8E606}.Release.Build.0 = Release|Win32
	EndGlobalSection
	GlobalSection(ExtensibilityGlobals) = postSolution
	EndGlobalSection
	GlobalSection(ExtensibilityAddIns) = postSolution
	EndGlobalSection
EndGlobal
