Microsoft Visual Studio Solution File, Format Version 8.00
Project("{8BC9CEB8-8B4A-11D0-8D11-00A0C91BC942}") = "XMLSign", "XMLSign.vcproj", "{D4B905E8-D858-4197-8C0F-68FEEBB05B9C}"
	ProjectSection(ProjectDependencies) = postProject
	EndProjectSection
EndProject
Project("{8BC9CEB8-8B4A-11D0-8D11-00A0C91BC942}") = "FormLicense", "FormLicense\FormLicense.vcproj", "{3C756526-97F5-4037-AB3D-31DBAE3F3595}"
	ProjectSection(ProjectDependencies) = postProject
	EndProjectSection
EndProject
Project("{8BC9CEB8-8B4A-11D0-8D11-00A0C91BC942}") = "Pem2PfxUtil", "..\NetscapeCert\Pem2PfxUtil\Pem2PfxUtil.vcproj", "{B6711F33-A267-4738-842E-77C4A9D56848}"
	ProjectSection(ProjectDependencies) = postProject
	EndProjectSection
EndProject
Project("{8BC9CEB8-8B4A-11D0-8D11-00A0C91BC942}") = "PemUtil", "PemUtil\PemUtil.vcproj", "{9694EDC2-84BC-4F6D-9EF5-E01C71E57233}"
	ProjectSection(ProjectDependencies) = postProject
	EndProjectSection
EndProject
Project("{8BC9CEB8-8B4A-11D0-8D11-00A0C91BC942}") = "SigWinImage", "SigWinImage\SigWinImage.vcproj", "{2808D78D-3D66-4FFA-BB15-F25C96EC036D}"
	ProjectSection(ProjectDependencies) = postProject
	EndProjectSection
EndProject
Project("{8BC9CEB8-8B4A-11D0-8D11-00A0C91BC942}") = "WinJNI", "WinJNI\WinJNI.vcproj", "{014B4C62-DCB3-4CC9-B1DF-C57B245491A7}"
	ProjectSection(ProjectDependencies) = postProject
	EndProjectSection
EndProject
Project("{8BC9CEB8-8B4A-11D0-8D11-00A0C91BC942}") = "NetscapeCert", "NetscapeCert\NetscapeCert.vcproj", "{85419A75-BDF1-41DE-9973-59F1F0D0CA79}"
	ProjectSection(ProjectDependencies) = postProject
	EndProjectSection
EndProject
Project("{8BC9CEB8-8B4A-11D0-8D11-00A0C91BC942}") = "NetscapeUtil", "NetscapeUtil\NetscapeUtil.vcproj", "{BB601F01-24F9-40EE-800E-DE85A7E69194}"
	ProjectSection(ProjectDependencies) = postProject
	EndProjectSection
EndProject
Project("{8BC9CEB8-8B4A-11D0-8D11-00A0C91BC942}") = "FrenchDiag", "FrenchDiag\FrenchDiag.vcproj", "{9B756E78-30F2-4C50-A2EE-8DA9C5BC6123}"
	ProjectSection(ProjectDependencies) = postProject
	EndProjectSection
EndProject
Project("{8BC9CEB8-8B4A-11D0-8D11-00A0C91BC942}") = "JapaneseDiag", "JapaneseDiag\JapaneseDiag.vcproj", "{022E5E92-9A39-498D-8ECA-C8475E5D6EB9}"
	ProjectSection(ProjectDependencies) = postProject
	EndProjectSection
EndProject
Project("{8BC9CEB8-8B4A-11D0-8D11-00A0C91BC942}") = "HungarianDiag", "HungarianDiag\HungarianDiag.vcproj", "{2114967F-C0B1-4237-B64F-31DBDBAD878A}"
	ProjectSection(ProjectDependencies) = postProject
	EndProjectSection
EndProject
Project("{8BC9CEB8-8B4A-11D0-8D11-00A0C91BC942}") = "SpanishDiag", "SpanishDiag\SpanishDiag.vcproj", "{50D5D60D-4F77-40E9-A0BE-A20558620437}"
	ProjectSection(ProjectDependencies) = postProject
	EndProjectSection
EndProject
Project("{8BC9CEB8-8B4A-11D0-8D11-00A0C91BC942}") = "GermanDiag", "GermanDiag\GermanDiag.vcproj", "{11709804-1E03-4E77-99E3-8594FC606038}"
	ProjectSection(ProjectDependencies) = postProject
	EndProjectSection
EndProject
Project("{8BC9CEB8-8B4A-11D0-8D11-00A0C91BC942}") = "EnglishDiag", "EnglishDiag\EnglishDiag.vcproj", "{316C2D19-B13D-4C45-ACE7-E2AEBBF45C95}"
	ProjectSection(ProjectDependencies) = postProject
	EndProjectSection
EndProject
Project("{8BC9CEB8-8B4A-11D0-8D11-00A0C91BC942}") = "xmlSigLib", "..\securexmlc\src\xmlSigLib.vcproj", "{83B765DE-6935-4331-B6DC-DA34C2A89F55}"
	ProjectSection(ProjectDependencies) = postProject
	EndProjectSection
EndProject
Project("{8BC9CEB8-8B4A-11D0-8D11-00A0C91BC942}") = "SecureXMLCac", "SecureXMLCac\SecureXMLCac.vcproj", "{C2F6F330-482E-469B-A023-2122F2B77508}"
	ProjectSection(ProjectDependencies) = postProject
	EndProjectSection
EndProject
Project("{8BC9CEB8-8B4A-11D0-8D11-00A0C91BC942}") = "PortugueseDiag", "PortugueseDiag\PortugueseDiag.vcproj", "{D85F5D47-2138-4DE9-8732-190E159375EF}"
	ProjectSection(ProjectDependencies) = postProject
	EndProjectSection
EndProject
Global
	GlobalSection(SourceCodeControl) = preSolution
		SccNumberOfProjects = 7
		SccLocalPath0 = .
		CanCheckoutShared = false
		SolutionUniqueID = {1ECF209B-5B4E-409C-AFDD-BEA4471B7081}
		SccProjectUniqueName1 = XMLSign.vcproj
		SccLocalPath1 = .
		CanCheckoutShared = false
		SccProjectUniqueName2 = FormLicense\\FormLicense.vcproj
		SccLocalPath2 = .
		CanCheckoutShared = false
		SccProjectFilePathRelativizedFromConnection2 = FormLicense\\
		SccProjectUniqueName3 = ..\\NetscapeCert\\Pem2PfxUtil\\Pem2PfxUtil.vcproj
		SccProjectName3 = \u0022$/Netscape/NetscapeCert/NetscapeCert/Pem2PfxUtil\u0022,\u0020OHVAAAAA
		SccLocalPath3 = ..\\NetscapeCert\\Pem2PfxUtil
		CanCheckoutShared = false
		SccProjectUniqueName4 = NetscapeCert\\NetscapeCert.vcproj
		SccProjectName4 = \u0022$/Netscape/NetscapeCert/NetscapeCert\u0022,\u0020QGVAAAAA
		SccLocalPath4 = NetscapeCert
		CanCheckoutShared = false
		SccProjectUniqueName5 = NetscapeUtil\\NetscapeUtil.vcproj
		SccProjectName5 = \u0022$/XMLSign/NetscapeUtil\u0022,\u0020NVZAAAAA
		SccLocalPath5 = NetscapeUtil
		CanCheckoutShared = false
		SccProjectUniqueName6 = ..\\securexmlc\\src\\xmlSigLib.vcproj
		SccProjectName6 = \u0022$/SecureXMLC_Library/src\u0022,\u0020ZUQAAAAA
		SccLocalPath6 = ..\\securexmlc\\src
		CanCheckoutShared = false
	EndGlobalSection
	GlobalSection(SolutionConfiguration) = preSolution
		CacNetSign = CacNetSign
		Debug = Debug
		LogRelease = LogRelease
		NSS Debug = NSS Debug
		NSS Release = NSS Release
		Release = Release
		Release MinSize = Release MinSize
		SecureSign Release = SecureSign Release
		SecureXML WS Release = SecureXML WS Release
		Unicode Release = Unicode Release
	EndGlobalSection
	GlobalSection(ProjectConfiguration) = postSolution
		{D4B905E8-D858-4197-8C0F-68FEEBB05B9C}.CacNetSign.ActiveCfg = CacNetSign|Win32
		{D4B905E8-D858-4197-8C0F-68FEEBB05B9C}.Debug.ActiveCfg = Debug|Win32
		{D4B905E8-D858-4197-8C0F-68FEEBB05B9C}.Debug.Build.0 = Debug|Win32
		{D4B905E8-D858-4197-8C0F-68FEEBB05B9C}.LogRelease.ActiveCfg = LogRelease|Win32
		{D4B905E8-D858-4197-8C0F-68FEEBB05B9C}.LogRelease.Build.0 = LogRelease|Win32
		{D4B905E8-D858-4197-8C0F-68FEEBB05B9C}.NSS Debug.ActiveCfg = Debug|Win32
		{D4B905E8-D858-4197-8C0F-68FEEBB05B9C}.NSS Debug.Build.0 = Debug|Win32
		{D4B905E8-D858-4197-8C0F-68FEEBB05B9C}.NSS Release.ActiveCfg = NSS Release|Win32
		{D4B905E8-D858-4197-8C0F-68FEEBB05B9C}.NSS Release.Build.0 = NSS Release|Win32
		{D4B905E8-D858-4197-8C0F-68FEEBB05B9C}.Release.ActiveCfg = Release MinSize|Win32
		{D4B905E8-D858-4197-8C0F-68FEEBB05B9C}.Release.Build.0 = Release MinSize|Win32
		{D4B905E8-D858-4197-8C0F-68FEEBB05B9C}.Release MinSize.ActiveCfg = Release MinSize|Win32
		{D4B905E8-D858-4197-8C0F-68FEEBB05B9C}.Release MinSize.Build.0 = Release MinSize|Win32
		{D4B905E8-D858-4197-8C0F-68FEEBB05B9C}.SecureSign Release.ActiveCfg = SecureSign Release|Win32
		{D4B905E8-D858-4197-8C0F-68FEEBB05B9C}.SecureSign Release.Build.0 = SecureSign Release|Win32
		{D4B905E8-D858-4197-8C0F-68FEEBB05B9C}.SecureXML WS Release.ActiveCfg = SecureXML WS Release|Win32
		{D4B905E8-D858-4197-8C0F-68FEEBB05B9C}.SecureXML WS Release.Build.0 = SecureXML WS Release|Win32
		{D4B905E8-D858-4197-8C0F-68FEEBB05B9C}.Unicode Release.ActiveCfg = Unicode Release|Win32
		{D4B905E8-D858-4197-8C0F-68FEEBB05B9C}.Unicode Release.Build.0 = Unicode Release|Win32
		{3C756526-97F5-4037-AB3D-31DBAE3F3595}.CacNetSign.ActiveCfg = CacNetSign|Win32
		{3C756526-97F5-4037-AB3D-31DBAE3F3595}.Debug.ActiveCfg = Debug|Win32
		{3C756526-97F5-4037-AB3D-31DBAE3F3595}.Debug.Build.0 = Debug|Win32
		{3C756526-97F5-4037-AB3D-31DBAE3F3595}.LogRelease.ActiveCfg = LogRelease|Win32
		{3C756526-97F5-4037-AB3D-31DBAE3F3595}.NSS Debug.ActiveCfg = Debug|Win32
		{3C756526-97F5-4037-AB3D-31DBAE3F3595}.NSS Debug.Build.0 = Debug|Win32
		{3C756526-97F5-4037-AB3D-31DBAE3F3595}.NSS Release.ActiveCfg = Release|Win32
		{3C756526-97F5-4037-AB3D-31DBAE3F3595}.NSS Release.Build.0 = Release|Win32
		{3C756526-97F5-4037-AB3D-31DBAE3F3595}.Release.ActiveCfg = Release|Win32
		{3C756526-97F5-4037-AB3D-31DBAE3F3595}.Release.Build.0 = Release|Win32
		{3C756526-97F5-4037-AB3D-31DBAE3F3595}.Release MinSize.ActiveCfg = Release|Win32
		{3C756526-97F5-4037-AB3D-31DBAE3F3595}.Release MinSize.Build.0 = Release|Win32
		{3C756526-97F5-4037-AB3D-31DBAE3F3595}.SecureSign Release.ActiveCfg = SecureSign Release|Win32
		{3C756526-97F5-4037-AB3D-31DBAE3F3595}.SecureXML WS Release.ActiveCfg = SecureXML WS Release|Win32
		{3C756526-97F5-4037-AB3D-31DBAE3F3595}.Unicode Release.ActiveCfg = Release|Win32
		{3C756526-97F5-4037-AB3D-31DBAE3F3595}.Unicode Release.Build.0 = Release|Win32
		{B6711F33-A267-4738-842E-77C4A9D56848}.CacNetSign.ActiveCfg = CacNetSign|Win32
		{B6711F33-A267-4738-842E-77C4A9D56848}.Debug.ActiveCfg = Debug|Win32
		{B6711F33-A267-4738-842E-77C4A9D56848}.Debug.Build.0 = Debug|Win32
		{B6711F33-A267-4738-842E-77C4A9D56848}.LogRelease.ActiveCfg = Release|Win32
		{B6711F33-A267-4738-842E-77C4A9D56848}.LogRelease.Build.0 = Release|Win32
		{B6711F33-A267-4738-842E-77C4A9D56848}.NSS Debug.ActiveCfg = Debug|Win32
		{B6711F33-A267-4738-842E-77C4A9D56848}.NSS Debug.Build.0 = Debug|Win32
		{B6711F33-A267-4738-842E-77C4A9D56848}.NSS Release.ActiveCfg = Release|Win32
		{B6711F33-A267-4738-842E-77C4A9D56848}.NSS Release.Build.0 = Release|Win32
		{B6711F33-A267-4738-842E-77C4A9D56848}.Release.ActiveCfg = Release|Win32
		{B6711F33-A267-4738-842E-77C4A9D56848}.Release.Build.0 = Release|Win32
		{B6711F33-A267-4738-842E-77C4A9D56848}.Release MinSize.ActiveCfg = Release|Win32
		{B6711F33-A267-4738-842E-77C4A9D56848}.Release MinSize.Build.0 = Release|Win32
		{B6711F33-A267-4738-842E-77C4A9D56848}.SecureSign Release.ActiveCfg = SecureSign Release|Win32
		{B6711F33-A267-4738-842E-77C4A9D56848}.SecureSign Release.Build.0 = SecureSign Release|Win32
		{B6711F33-A267-4738-842E-77C4A9D56848}.SecureXML WS Release.ActiveCfg = Release|Win32
		{B6711F33-A267-4738-842E-77C4A9D56848}.SecureXML WS Release.Build.0 = Release|Win32
		{B6711F33-A267-4738-842E-77C4A9D56848}.Unicode Release.ActiveCfg = Unicode Release|Win32
		{B6711F33-A267-4738-842E-77C4A9D56848}.Unicode Release.Build.0 = Unicode Release|Win32
		{9694EDC2-84BC-4F6D-9EF5-E01C71E57233}.CacNetSign.ActiveCfg = CacNetSign|Win32
		{9694EDC2-84BC-4F6D-9EF5-E01C71E57233}.Debug.ActiveCfg = Debug|Win32
		{9694EDC2-84BC-4F6D-9EF5-E01C71E57233}.Debug.Build.0 = Debug|Win32
		{9694EDC2-84BC-4F6D-9EF5-E01C71E57233}.LogRelease.ActiveCfg = LogRelease|Win32
		{9694EDC2-84BC-4F6D-9EF5-E01C71E57233}.NSS Debug.ActiveCfg = Debug|Win32
		{9694EDC2-84BC-4F6D-9EF5-E01C71E57233}.NSS Debug.Build.0 = Debug|Win32
		{9694EDC2-84BC-4F6D-9EF5-E01C71E57233}.NSS Release.ActiveCfg = Release|Win32
		{9694EDC2-84BC-4F6D-9EF5-E01C71E57233}.NSS Release.Build.0 = Release|Win32
		{9694EDC2-84BC-4F6D-9EF5-E01C71E57233}.Release.ActiveCfg = Release|Win32
		{9694EDC2-84BC-4F6D-9EF5-E01C71E57233}.Release.Build.0 = Release|Win32
		{9694EDC2-84BC-4F6D-9EF5-E01C71E57233}.Release MinSize.ActiveCfg = Release|Win32
		{9694EDC2-84BC-4F6D-9EF5-E01C71E57233}.Release MinSize.Build.0 = Release|Win32
		{9694EDC2-84BC-4F6D-9EF5-E01C71E57233}.SecureSign Release.ActiveCfg = SecureSign Release|Win32
		{9694EDC2-84BC-4F6D-9EF5-E01C71E57233}.SecureSign Release.Build.0 = SecureSign Release|Win32
		{9694EDC2-84BC-4F6D-9EF5-E01C71E57233}.SecureXML WS Release.ActiveCfg = SecureXML WS Release|Win32
		{9694EDC2-84BC-4F6D-9EF5-E01C71E57233}.Unicode Release.ActiveCfg = Release|Win32
		{9694EDC2-84BC-4F6D-9EF5-E01C71E57233}.Unicode Release.Build.0 = Release|Win32
		{2808D78D-3D66-4FFA-BB15-F25C96EC036D}.CacNetSign.ActiveCfg = CacNetSign|Win32
		{2808D78D-3D66-4FFA-BB15-F25C96EC036D}.Debug.ActiveCfg = Debug|Win32
		{2808D78D-3D66-4FFA-BB15-F25C96EC036D}.Debug.Build.0 = Debug|Win32
		{2808D78D-3D66-4FFA-BB15-F25C96EC036D}.LogRelease.ActiveCfg = Release|Win32
		{2808D78D-3D66-4FFA-BB15-F25C96EC036D}.LogRelease.Build.0 = Release|Win32
		{2808D78D-3D66-4FFA-BB15-F25C96EC036D}.NSS Debug.ActiveCfg = Debug|Win32
		{2808D78D-3D66-4FFA-BB15-F25C96EC036D}.NSS Debug.Build.0 = Debug|Win32
		{2808D78D-3D66-4FFA-BB15-F25C96EC036D}.NSS Release.ActiveCfg = Release|Win32
		{2808D78D-3D66-4FFA-BB15-F25C96EC036D}.NSS Release.Build.0 = Release|Win32
		{2808D78D-3D66-4FFA-BB15-F25C96EC036D}.Release.ActiveCfg = Release|Win32
		{2808D78D-3D66-4FFA-BB15-F25C96EC036D}.Release.Build.0 = Release|Win32
		{2808D78D-3D66-4FFA-BB15-F25C96EC036D}.Release MinSize.ActiveCfg = Release|Win32
		{2808D78D-3D66-4FFA-BB15-F25C96EC036D}.Release MinSize.Build.0 = Release|Win32
		{2808D78D-3D66-4FFA-BB15-F25C96EC036D}.SecureSign Release.ActiveCfg = SecureSign Release|Win32
		{2808D78D-3D66-4FFA-BB15-F25C96EC036D}.SecureSign Release.Build.0 = SecureSign Release|Win32
		{2808D78D-3D66-4FFA-BB15-F25C96EC036D}.SecureXML WS Release.ActiveCfg = Release|Win32
		{2808D78D-3D66-4FFA-BB15-F25C96EC036D}.SecureXML WS Release.Build.0 = Release|Win32
		{2808D78D-3D66-4FFA-BB15-F25C96EC036D}.Unicode Release.ActiveCfg = Release|Win32
		{2808D78D-3D66-4FFA-BB15-F25C96EC036D}.Unicode Release.Build.0 = Release|Win32
		{014B4C62-DCB3-4CC9-B1DF-C57B245491A7}.CacNetSign.ActiveCfg = LogRelease|Win32
		{014B4C62-DCB3-4CC9-B1DF-C57B245491A7}.CacNetSign.Build.0 = LogRelease|Win32
		{014B4C62-DCB3-4CC9-B1DF-C57B245491A7}.Debug.ActiveCfg = Debug|Win32
		{014B4C62-DCB3-4CC9-B1DF-C57B245491A7}.Debug.Build.0 = Debug|Win32
		{014B4C62-DCB3-4CC9-B1DF-C57B245491A7}.LogRelease.ActiveCfg = LogRelease|Win32
		{014B4C62-DCB3-4CC9-B1DF-C57B245491A7}.LogRelease.Build.0 = LogRelease|Win32
		{014B4C62-DCB3-4CC9-B1DF-C57B245491A7}.NSS Debug.ActiveCfg = NSS Debug|Win32
		{014B4C62-DCB3-4CC9-B1DF-C57B245491A7}.NSS Debug.Build.0 = NSS Debug|Win32
		{014B4C62-DCB3-4CC9-B1DF-C57B245491A7}.NSS Release.ActiveCfg = NSS Release|Win32
		{014B4C62-DCB3-4CC9-B1DF-C57B245491A7}.NSS Release.Build.0 = NSS Release|Win32
		{014B4C62-DCB3-4CC9-B1DF-C57B245491A7}.Release.ActiveCfg = Release|Win32
		{014B4C62-DCB3-4CC9-B1DF-C57B245491A7}.Release.Build.0 = Release|Win32
		{014B4C62-DCB3-4CC9-B1DF-C57B245491A7}.Release MinSize.ActiveCfg = Release|Win32
		{014B4C62-DCB3-4CC9-B1DF-C57B245491A7}.Release MinSize.Build.0 = Release|Win32
		{014B4C62-DCB3-4CC9-B1DF-C57B245491A7}.SecureSign Release.ActiveCfg = SecureSign Release|Win32
		{014B4C62-DCB3-4CC9-B1DF-C57B245491A7}.SecureXML WS Release.ActiveCfg = Release|Win32
		{014B4C62-DCB3-4CC9-B1DF-C57B245491A7}.SecureXML WS Release.Build.0 = Release|Win32
		{014B4C62-DCB3-4CC9-B1DF-C57B245491A7}.Unicode Release.ActiveCfg = Unicode Release|Win32
		{014B4C62-DCB3-4CC9-B1DF-C57B245491A7}.Unicode Release.Build.0 = Unicode Release|Win32
		{85419A75-BDF1-41DE-9973-59F1F0D0CA79}.CacNetSign.ActiveCfg = SecureSign Release|Win32
		{85419A75-BDF1-41DE-9973-59F1F0D0CA79}.CacNetSign.Build.0 = SecureSign Release|Win32
		{85419A75-BDF1-41DE-9973-59F1F0D0CA79}.Debug.ActiveCfg = Debug|Win32
		{85419A75-BDF1-41DE-9973-59F1F0D0CA79}.Debug.Build.0 = Debug|Win32
		{85419A75-BDF1-41DE-9973-59F1F0D0CA79}.LogRelease.ActiveCfg = Release|Win32
		{85419A75-BDF1-41DE-9973-59F1F0D0CA79}.LogRelease.Build.0 = Release|Win32
		{85419A75-BDF1-41DE-9973-59F1F0D0CA79}.NSS Debug.ActiveCfg = Debug|Win32
		{85419A75-BDF1-41DE-9973-59F1F0D0CA79}.NSS Debug.Build.0 = Debug|Win32
		{85419A75-BDF1-41DE-9973-59F1F0D0CA79}.NSS Release.ActiveCfg = Release|Win32
		{85419A75-BDF1-41DE-9973-59F1F0D0CA79}.NSS Release.Build.0 = Release|Win32
		{85419A75-BDF1-41DE-9973-59F1F0D0CA79}.Release.ActiveCfg = Release|Win32
		{85419A75-BDF1-41DE-9973-59F1F0D0CA79}.Release.Build.0 = Release|Win32
		{85419A75-BDF1-41DE-9973-59F1F0D0CA79}.Release MinSize.ActiveCfg = Release|Win32
		{85419A75-BDF1-41DE-9973-59F1F0D0CA79}.Release MinSize.Build.0 = Release|Win32
		{85419A75-BDF1-41DE-9973-59F1F0D0CA79}.SecureSign Release.ActiveCfg = SecureSign Release|Win32
		{85419A75-BDF1-41DE-9973-59F1F0D0CA79}.SecureSign Release.Build.0 = SecureSign Release|Win32
		{85419A75-BDF1-41DE-9973-59F1F0D0CA79}.SecureXML WS Release.ActiveCfg = Release|Win32
		{85419A75-BDF1-41DE-9973-59F1F0D0CA79}.SecureXML WS Release.Build.0 = Release|Win32
		{85419A75-BDF1-41DE-9973-59F1F0D0CA79}.Unicode Release.ActiveCfg = Release|Win32
		{85419A75-BDF1-41DE-9973-59F1F0D0CA79}.Unicode Release.Build.0 = Release|Win32
		{BB601F01-24F9-40EE-800E-DE85A7E69194}.CacNetSign.ActiveCfg = SecureSign Release|Win32
		{BB601F01-24F9-40EE-800E-DE85A7E69194}.CacNetSign.Build.0 = SecureSign Release|Win32
		{BB601F01-24F9-40EE-800E-DE85A7E69194}.Debug.ActiveCfg = Debug|Win32
		{BB601F01-24F9-40EE-800E-DE85A7E69194}.Debug.Build.0 = Debug|Win32
		{BB601F01-24F9-40EE-800E-DE85A7E69194}.LogRelease.ActiveCfg = Release|Win32
		{BB601F01-24F9-40EE-800E-DE85A7E69194}.LogRelease.Build.0 = Release|Win32
		{BB601F01-24F9-40EE-800E-DE85A7E69194}.NSS Debug.ActiveCfg = Debug|Win32
		{BB601F01-24F9-40EE-800E-DE85A7E69194}.NSS Debug.Build.0 = Debug|Win32
		{BB601F01-24F9-40EE-800E-DE85A7E69194}.NSS Release.ActiveCfg = Release|Win32
		{BB601F01-24F9-40EE-800E-DE85A7E69194}.NSS Release.Build.0 = Release|Win32
		{BB601F01-24F9-40EE-800E-DE85A7E69194}.Release.ActiveCfg = Release|Win32
		{BB601F01-24F9-40EE-800E-DE85A7E69194}.Release.Build.0 = Release|Win32
		{BB601F01-24F9-40EE-800E-DE85A7E69194}.Release MinSize.ActiveCfg = Release|Win32
		{BB601F01-24F9-40EE-800E-DE85A7E69194}.Release MinSize.Build.0 = Release|Win32
		{BB601F01-24F9-40EE-800E-DE85A7E69194}.SecureSign Release.ActiveCfg = SecureSign Release|Win32
		{BB601F01-24F9-40EE-800E-DE85A7E69194}.SecureSign Release.Build.0 = SecureSign Release|Win32
		{BB601F01-24F9-40EE-800E-DE85A7E69194}.SecureXML WS Release.ActiveCfg = Release|Win32
		{BB601F01-24F9-40EE-800E-DE85A7E69194}.SecureXML WS Release.Build.0 = Release|Win32
		{BB601F01-24F9-40EE-800E-DE85A7E69194}.Unicode Release.ActiveCfg = Release|Win32
		{BB601F01-24F9-40EE-800E-DE85A7E69194}.Unicode Release.Build.0 = Release|Win32
		{9B756E78-30F2-4C50-A2EE-8DA9C5BC6123}.CacNetSign.ActiveCfg = CacNetSign|Win32
		{9B756E78-30F2-4C50-A2EE-8DA9C5BC6123}.Debug.ActiveCfg = Debug|Win32
		{9B756E78-30F2-4C50-A2EE-8DA9C5BC6123}.Debug.Build.0 = Debug|Win32
		{9B756E78-30F2-4C50-A2EE-8DA9C5BC6123}.LogRelease.ActiveCfg = Release|Win32
		{9B756E78-30F2-4C50-A2EE-8DA9C5BC6123}.LogRelease.Build.0 = Release|Win32
		{9B756E78-30F2-4C50-A2EE-8DA9C5BC6123}.NSS Debug.ActiveCfg = Debug|Win32
		{9B756E78-30F2-4C50-A2EE-8DA9C5BC6123}.NSS Debug.Build.0 = Debug|Win32
		{9B756E78-30F2-4C50-A2EE-8DA9C5BC6123}.NSS Release.ActiveCfg = Release|Win32
		{9B756E78-30F2-4C50-A2EE-8DA9C5BC6123}.NSS Release.Build.0 = Release|Win32
		{9B756E78-30F2-4C50-A2EE-8DA9C5BC6123}.Release.ActiveCfg = Release|Win32
		{9B756E78-30F2-4C50-A2EE-8DA9C5BC6123}.Release.Build.0 = Release|Win32
		{9B756E78-30F2-4C50-A2EE-8DA9C5BC6123}.Release MinSize.ActiveCfg = Release|Win32
		{9B756E78-30F2-4C50-A2EE-8DA9C5BC6123}.Release MinSize.Build.0 = Release|Win32
		{9B756E78-30F2-4C50-A2EE-8DA9C5BC6123}.SecureSign Release.ActiveCfg = SecureSign Release|Win32
		{9B756E78-30F2-4C50-A2EE-8DA9C5BC6123}.SecureSign Release.Build.0 = SecureSign Release|Win32
		{9B756E78-30F2-4C50-A2EE-8DA9C5BC6123}.SecureXML WS Release.ActiveCfg = Release|Win32
		{9B756E78-30F2-4C50-A2EE-8DA9C5BC6123}.SecureXML WS Release.Build.0 = Release|Win32
		{9B756E78-30F2-4C50-A2EE-8DA9C5BC6123}.Unicode Release.ActiveCfg = Unicode Release|Win32
		{9B756E78-30F2-4C50-A2EE-8DA9C5BC6123}.Unicode Release.Build.0 = Unicode Release|Win32
		{022E5E92-9A39-498D-8ECA-C8475E5D6EB9}.CacNetSign.ActiveCfg = CacNetSign|Win32
		{022E5E92-9A39-498D-8ECA-C8475E5D6EB9}.Debug.ActiveCfg = Debug|Win32
		{022E5E92-9A39-498D-8ECA-C8475E5D6EB9}.Debug.Build.0 = Debug|Win32
		{022E5E92-9A39-498D-8ECA-C8475E5D6EB9}.LogRelease.ActiveCfg = Release|Win32
		{022E5E92-9A39-498D-8ECA-C8475E5D6EB9}.LogRelease.Build.0 = Release|Win32
		{022E5E92-9A39-498D-8ECA-C8475E5D6EB9}.NSS Debug.ActiveCfg = Debug|Win32
		{022E5E92-9A39-498D-8ECA-C8475E5D6EB9}.NSS Debug.Build.0 = Debug|Win32
		{022E5E92-9A39-498D-8ECA-C8475E5D6EB9}.NSS Release.ActiveCfg = Release|Win32
		{022E5E92-9A39-498D-8ECA-C8475E5D6EB9}.NSS Release.Build.0 = Release|Win32
		{022E5E92-9A39-498D-8ECA-C8475E5D6EB9}.Release.ActiveCfg = Release|Win32
		{022E5E92-9A39-498D-8ECA-C8475E5D6EB9}.Release.Build.0 = Release|Win32
		{022E5E92-9A39-498D-8ECA-C8475E5D6EB9}.Release MinSize.ActiveCfg = Release|Win32
		{022E5E92-9A39-498D-8ECA-C8475E5D6EB9}.Release MinSize.Build.0 = Release|Win32
		{022E5E92-9A39-498D-8ECA-C8475E5D6EB9}.SecureSign Release.ActiveCfg = SecureSign Release|Win32
		{022E5E92-9A39-498D-8ECA-C8475E5D6EB9}.SecureSign Release.Build.0 = SecureSign Release|Win32
		{022E5E92-9A39-498D-8ECA-C8475E5D6EB9}.SecureXML WS Release.ActiveCfg = Release|Win32
		{022E5E92-9A39-498D-8ECA-C8475E5D6EB9}.SecureXML WS Release.Build.0 = Release|Win32
		{022E5E92-9A39-498D-8ECA-C8475E5D6EB9}.Unicode Release.ActiveCfg = Unicode Release|Win32
		{022E5E92-9A39-498D-8ECA-C8475E5D6EB9}.Unicode Release.Build.0 = Unicode Release|Win32
		{2114967F-C0B1-4237-B64F-31DBDBAD878A}.CacNetSign.ActiveCfg = CacNetSign|Win32
		{2114967F-C0B1-4237-B64F-31DBDBAD878A}.Debug.ActiveCfg = Debug|Win32
		{2114967F-C0B1-4237-B64F-31DBDBAD878A}.Debug.Build.0 = Debug|Win32
		{2114967F-C0B1-4237-B64F-31DBDBAD878A}.LogRelease.ActiveCfg = Release|Win32
		{2114967F-C0B1-4237-B64F-31DBDBAD878A}.LogRelease.Build.0 = Release|Win32
		{2114967F-C0B1-4237-B64F-31DBDBAD878A}.NSS Debug.ActiveCfg = Debug|Win32
		{2114967F-C0B1-4237-B64F-31DBDBAD878A}.NSS Debug.Build.0 = Debug|Win32
		{2114967F-C0B1-4237-B64F-31DBDBAD878A}.NSS Release.ActiveCfg = Release|Win32
		{2114967F-C0B1-4237-B64F-31DBDBAD878A}.NSS Release.Build.0 = Release|Win32
		{2114967F-C0B1-4237-B64F-31DBDBAD878A}.Release.ActiveCfg = Release|Win32
		{2114967F-C0B1-4237-B64F-31DBDBAD878A}.Release.Build.0 = Release|Win32
		{2114967F-C0B1-4237-B64F-31DBDBAD878A}.Release MinSize.ActiveCfg = Release|Win32
		{2114967F-C0B1-4237-B64F-31DBDBAD878A}.Release MinSize.Build.0 = Release|Win32
		{2114967F-C0B1-4237-B64F-31DBDBAD878A}.SecureSign Release.ActiveCfg = SecureSign Release|Win32
		{2114967F-C0B1-4237-B64F-31DBDBAD878A}.SecureSign Release.Build.0 = SecureSign Release|Win32
		{2114967F-C0B1-4237-B64F-31DBDBAD878A}.SecureXML WS Release.ActiveCfg = Release|Win32
		{2114967F-C0B1-4237-B64F-31DBDBAD878A}.SecureXML WS Release.Build.0 = Release|Win32
		{2114967F-C0B1-4237-B64F-31DBDBAD878A}.Unicode Release.ActiveCfg = Release|Win32
		{2114967F-C0B1-4237-B64F-31DBDBAD878A}.Unicode Release.Build.0 = Release|Win32
		{50D5D60D-4F77-40E9-A0BE-A20558620437}.CacNetSign.ActiveCfg = CacNetSign|Win32
		{50D5D60D-4F77-40E9-A0BE-A20558620437}.Debug.ActiveCfg = Debug|Win32
		{50D5D60D-4F77-40E9-A0BE-A20558620437}.Debug.Build.0 = Debug|Win32
		{50D5D60D-4F77-40E9-A0BE-A20558620437}.LogRelease.ActiveCfg = Release|Win32
		{50D5D60D-4F77-40E9-A0BE-A20558620437}.LogRelease.Build.0 = Release|Win32
		{50D5D60D-4F77-40E9-A0BE-A20558620437}.NSS Debug.ActiveCfg = Debug|Win32
		{50D5D60D-4F77-40E9-A0BE-A20558620437}.NSS Debug.Build.0 = Debug|Win32
		{50D5D60D-4F77-40E9-A0BE-A20558620437}.NSS Release.ActiveCfg = Release|Win32
		{50D5D60D-4F77-40E9-A0BE-A20558620437}.NSS Release.Build.0 = Release|Win32
		{50D5D60D-4F77-40E9-A0BE-A20558620437}.Release.ActiveCfg = Release|Win32
		{50D5D60D-4F77-40E9-A0BE-A20558620437}.Release.Build.0 = Release|Win32
		{50D5D60D-4F77-40E9-A0BE-A20558620437}.Release MinSize.ActiveCfg = Release|Win32
		{50D5D60D-4F77-40E9-A0BE-A20558620437}.Release MinSize.Build.0 = Release|Win32
		{50D5D60D-4F77-40E9-A0BE-A20558620437}.SecureSign Release.ActiveCfg = SecureSign Release|Win32
		{50D5D60D-4F77-40E9-A0BE-A20558620437}.SecureSign Release.Build.0 = SecureSign Release|Win32
		{50D5D60D-4F77-40E9-A0BE-A20558620437}.SecureXML WS Release.ActiveCfg = Release|Win32
		{50D5D60D-4F77-40E9-A0BE-A20558620437}.SecureXML WS Release.Build.0 = Release|Win32
		{50D5D60D-4F77-40E9-A0BE-A20558620437}.Unicode Release.ActiveCfg = Release|Win32
		{50D5D60D-4F77-40E9-A0BE-A20558620437}.Unicode Release.Build.0 = Release|Win32
		{11709804-1E03-4E77-99E3-8594FC606038}.CacNetSign.ActiveCfg = CacNetSign|Win32
		{11709804-1E03-4E77-99E3-8594FC606038}.Debug.ActiveCfg = Debug|Win32
		{11709804-1E03-4E77-99E3-8594FC606038}.Debug.Build.0 = Debug|Win32
		{11709804-1E03-4E77-99E3-8594FC606038}.LogRelease.ActiveCfg = Release|Win32
		{11709804-1E03-4E77-99E3-8594FC606038}.LogRelease.Build.0 = Release|Win32
		{11709804-1E03-4E77-99E3-8594FC606038}.NSS Debug.ActiveCfg = Debug|Win32
		{11709804-1E03-4E77-99E3-8594FC606038}.NSS Debug.Build.0 = Debug|Win32
		{11709804-1E03-4E77-99E3-8594FC606038}.NSS Release.ActiveCfg = Release|Win32
		{11709804-1E03-4E77-99E3-8594FC606038}.NSS Release.Build.0 = Release|Win32
		{11709804-1E03-4E77-99E3-8594FC606038}.Release.ActiveCfg = Release|Win32
		{11709804-1E03-4E77-99E3-8594FC606038}.Release.Build.0 = Release|Win32
		{11709804-1E03-4E77-99E3-8594FC606038}.Release MinSize.ActiveCfg = Release|Win32
		{11709804-1E03-4E77-99E3-8594FC606038}.Release MinSize.Build.0 = Release|Win32
		{11709804-1E03-4E77-99E3-8594FC606038}.SecureSign Release.ActiveCfg = SecureSign Release|Win32
		{11709804-1E03-4E77-99E3-8594FC606038}.SecureSign Release.Build.0 = SecureSign Release|Win32
		{11709804-1E03-4E77-99E3-8594FC606038}.SecureXML WS Release.ActiveCfg = Release|Win32
		{11709804-1E03-4E77-99E3-8594FC606038}.SecureXML WS Release.Build.0 = Release|Win32
		{11709804-1E03-4E77-99E3-8594FC606038}.Unicode Release.ActiveCfg = Release|Win32
		{11709804-1E03-4E77-99E3-8594FC606038}.Unicode Release.Build.0 = Release|Win32
		{316C2D19-B13D-4C45-ACE7-E2AEBBF45C95}.CacNetSign.ActiveCfg = CacNetSign|Win32
		{316C2D19-B13D-4C45-ACE7-E2AEBBF45C95}.Debug.ActiveCfg = Debug|Win32
		{316C2D19-B13D-4C45-ACE7-E2AEBBF45C95}.Debug.Build.0 = Debug|Win32
		{316C2D19-B13D-4C45-ACE7-E2AEBBF45C95}.LogRelease.ActiveCfg = Release|Win32
		{316C2D19-B13D-4C45-ACE7-E2AEBBF45C95}.LogRelease.Build.0 = Release|Win32
		{316C2D19-B13D-4C45-ACE7-E2AEBBF45C95}.NSS Debug.ActiveCfg = Debug|Win32
		{316C2D19-B13D-4C45-ACE7-E2AEBBF45C95}.NSS Debug.Build.0 = Debug|Win32
		{316C2D19-B13D-4C45-ACE7-E2AEBBF45C95}.NSS Release.ActiveCfg = Release|Win32
		{316C2D19-B13D-4C45-ACE7-E2AEBBF45C95}.NSS Release.Build.0 = Release|Win32
		{316C2D19-B13D-4C45-ACE7-E2AEBBF45C95}.Release.ActiveCfg = Release|Win32
		{316C2D19-B13D-4C45-ACE7-E2AEBBF45C95}.Release.Build.0 = Release|Win32
		{316C2D19-B13D-4C45-ACE7-E2AEBBF45C95}.Release MinSize.ActiveCfg = Release|Win32
		{316C2D19-B13D-4C45-ACE7-E2AEBBF45C95}.Release MinSize.Build.0 = Release|Win32
		{316C2D19-B13D-4C45-ACE7-E2AEBBF45C95}.SecureSign Release.ActiveCfg = SecureSign Release|Win32
		{316C2D19-B13D-4C45-ACE7-E2AEBBF45C95}.SecureSign Release.Build.0 = SecureSign Release|Win32
		{316C2D19-B13D-4C45-ACE7-E2AEBBF45C95}.SecureXML WS Release.ActiveCfg = Release|Win32
		{316C2D19-B13D-4C45-ACE7-E2AEBBF45C95}.SecureXML WS Release.Build.0 = Release|Win32
		{316C2D19-B13D-4C45-ACE7-E2AEBBF45C95}.Unicode Release.ActiveCfg = Release|Win32
		{316C2D19-B13D-4C45-ACE7-E2AEBBF45C95}.Unicode Release.Build.0 = Release|Win32
		{83B765DE-6935-4331-B6DC-DA34C2A89F55}.CacNetSign.ActiveCfg = SecureSign Release|Win32
		{83B765DE-6935-4331-B6DC-DA34C2A89F55}.CacNetSign.Build.0 = SecureSign Release|Win32
		{83B765DE-6935-4331-B6DC-DA34C2A89F55}.Debug.ActiveCfg = Debug|Win32
		{83B765DE-6935-4331-B6DC-DA34C2A89F55}.Debug.Build.0 = Debug|Win32
		{83B765DE-6935-4331-B6DC-DA34C2A89F55}.LogRelease.ActiveCfg = LogRelease|Win32
		{83B765DE-6935-4331-B6DC-DA34C2A89F55}.LogRelease.Build.0 = LogRelease|Win32
		{83B765DE-6935-4331-B6DC-DA34C2A89F55}.NSS Debug.ActiveCfg = NSS Debug|Win32
		{83B765DE-6935-4331-B6DC-DA34C2A89F55}.NSS Debug.Build.0 = NSS Debug|Win32
		{83B765DE-6935-4331-B6DC-DA34C2A89F55}.NSS Release.ActiveCfg = NSS Release|Win32
		{83B765DE-6935-4331-B6DC-DA34C2A89F55}.NSS Release.Build.0 = NSS Release|Win32
		{83B765DE-6935-4331-B6DC-DA34C2A89F55}.Release.ActiveCfg = Release|Win32
		{83B765DE-6935-4331-B6DC-DA34C2A89F55}.Release.Build.0 = Release|Win32
		{83B765DE-6935-4331-B6DC-DA34C2A89F55}.Release MinSize.ActiveCfg = Release|Win32
		{83B765DE-6935-4331-B6DC-DA34C2A89F55}.Release MinSize.Build.0 = Release|Win32
		{83B765DE-6935-4331-B6DC-DA34C2A89F55}.SecureSign Release.ActiveCfg = SecureSign Release|Win32
		{83B765DE-6935-4331-B6DC-DA34C2A89F55}.SecureSign Release.Build.0 = SecureSign Release|Win32
		{83B765DE-6935-4331-B6DC-DA34C2A89F55}.SecureXML WS Release.ActiveCfg = Release|Win32
		{83B765DE-6935-4331-B6DC-DA34C2A89F55}.SecureXML WS Release.Build.0 = Release|Win32
		{83B765DE-6935-4331-B6DC-DA34C2A89F55}.Unicode Release.ActiveCfg = Release|Win32
		{83B765DE-6935-4331-B6DC-DA34C2A89F55}.Unicode Release.Build.0 = Release|Win32
		{C2F6F330-482E-469B-A023-2122F2B77508}.CacNetSign.ActiveCfg = CacNetSign|Win32
		{C2F6F330-482E-469B-A023-2122F2B77508}.CacNetSign.Build.0 = CacNetSign|Win32
		{C2F6F330-482E-469B-A023-2122F2B77508}.Debug.ActiveCfg = Debug|Win32
		{C2F6F330-482E-469B-A023-2122F2B77508}.Debug.Build.0 = Debug|Win32
		{C2F6F330-482E-469B-A023-2122F2B77508}.LogRelease.ActiveCfg = Release|Win32
		{C2F6F330-482E-469B-A023-2122F2B77508}.LogRelease.Build.0 = Release|Win32
		{C2F6F330-482E-469B-A023-2122F2B77508}.NSS Debug.ActiveCfg = Debug|Win32
		{C2F6F330-482E-469B-A023-2122F2B77508}.NSS Debug.Build.0 = Debug|Win32
		{C2F6F330-482E-469B-A023-2122F2B77508}.NSS Release.ActiveCfg = Release|Win32
		{C2F6F330-482E-469B-A023-2122F2B77508}.NSS Release.Build.0 = Release|Win32
		{C2F6F330-482E-469B-A023-2122F2B77508}.Release.ActiveCfg = Release|Win32
		{C2F6F330-482E-469B-A023-2122F2B77508}.Release.Build.0 = Release|Win32
		{C2F6F330-482E-469B-A023-2122F2B77508}.Release MinSize.ActiveCfg = Release|Win32
		{C2F6F330-482E-469B-A023-2122F2B77508}.Release MinSize.Build.0 = Release|Win32
		{C2F6F330-482E-469B-A023-2122F2B77508}.SecureSign Release.ActiveCfg = SecureSign Release|Win32
		{C2F6F330-482E-469B-A023-2122F2B77508}.SecureXML WS Release.ActiveCfg = Release|Win32
		{C2F6F330-482E-469B-A023-2122F2B77508}.SecureXML WS Release.Build.0 = Release|Win32
		{C2F6F330-482E-469B-A023-2122F2B77508}.Unicode Release.ActiveCfg = Release|Win32
		{C2F6F330-482E-469B-A023-2122F2B77508}.Unicode Release.Build.0 = Release|Win32
		{D85F5D47-2138-4DE9-8732-190E159375EF}.CacNetSign.ActiveCfg = Release|Win32
		{D85F5D47-2138-4DE9-8732-190E159375EF}.CacNetSign.Build.0 = Release|Win32
		{D85F5D47-2138-4DE9-8732-190E159375EF}.Debug.ActiveCfg = Debug|Win32
		{D85F5D47-2138-4DE9-8732-190E159375EF}.Debug.Build.0 = Debug|Win32
		{D85F5D47-2138-4DE9-8732-190E159375EF}.LogRelease.ActiveCfg = Release|Win32
		{D85F5D47-2138-4DE9-8732-190E159375EF}.LogRelease.Build.0 = Release|Win32
		{D85F5D47-2138-4DE9-8732-190E159375EF}.NSS Debug.ActiveCfg = Debug|Win32
		{D85F5D47-2138-4DE9-8732-190E159375EF}.NSS Debug.Build.0 = Debug|Win32
		{D85F5D47-2138-4DE9-8732-190E159375EF}.NSS Release.ActiveCfg = Release|Win32
		{D85F5D47-2138-4DE9-8732-190E159375EF}.NSS Release.Build.0 = Release|Win32
		{D85F5D47-2138-4DE9-8732-190E159375EF}.Release.ActiveCfg = Release|Win32
		{D85F5D47-2138-4DE9-8732-190E159375EF}.Release.Build.0 = Release|Win32
		{D85F5D47-2138-4DE9-8732-190E159375EF}.Release MinSize.ActiveCfg = Release|Win32
		{D85F5D47-2138-4DE9-8732-190E159375EF}.Release MinSize.Build.0 = Release|Win32
		{D85F5D47-2138-4DE9-8732-190E159375EF}.SecureSign Release.ActiveCfg = SecureSign Release|Win32
		{D85F5D47-2138-4DE9-8732-190E159375EF}.SecureSign Release.Build.0 = SecureSign Release|Win32
		{D85F5D47-2138-4DE9-8732-190E159375EF}.SecureXML WS Release.ActiveCfg = Release|Win32
		{D85F5D47-2138-4DE9-8732-190E159375EF}.SecureXML WS Release.Build.0 = Release|Win32
		{D85F5D47-2138-4DE9-8732-190E159375EF}.Unicode Release.ActiveCfg = Release|Win32
		{D85F5D47-2138-4DE9-8732-190E159375EF}.Unicode Release.Build.0 = Release|Win32
	EndGlobalSection
	GlobalSection(ExtensibilityGlobals) = postSolution
	EndGlobalSection
	GlobalSection(ExtensibilityAddIns) = postSolution
	EndGlobalSection
EndGlobal
