Microsoft Visual Studio Solution File, Format Version 8.00
Project("{FAE04EC0-301F-11D3-BF4B-00C04F79EFBC}") = "JITCTestSuite", "JITCTestSuite.csproj", "{64108D72-358A-42A4-ACDB-A599791DF0DD}"
	ProjectSection(ProjectDependencies) = postProject
	EndProjectSection
EndProject
Global
	GlobalSection(SolutionConfiguration) = preSolution
		Debug = Debug
		Release = Release
	EndGlobalSection
	GlobalSection(ProjectConfiguration) = postSolution
		{64108D72-358A-42A4-ACDB-A599791DF0DD}.Debug.ActiveCfg = Debug|.NET
		{64108D72-358A-42A4-ACDB-A599791DF0DD}.Debug.Build.0 = Debug|.NET
		{64108D72-358A-42A4-ACDB-A599791DF0DD}.Release.ActiveCfg = Release|.NET
		{64108D72-358A-42A4-ACDB-A599791DF0DD}.Release.Build.0 = Release|.NET
	EndGlobalSection
	GlobalSection(ExtensibilityGlobals) = postSolution
	EndGlobalSection
	GlobalSection(ExtensibilityAddIns) = postSolution
	EndGlobalSection
EndGlobal
